// !$*UTF8*$!
{
	archiveVersion = 1;
	classes = {
	};
	objectVersion = 50;
	objects = {

/* Begin PBXBuildFile section */
		7C3EDCAC274DF56900840C4D /* KoyoCovidApp.swift in Sources */ = {isa = PBXBuildFile; fileRef = 7C3EDCAB274DF56900840C4D /* KoyoCovidApp.swift */; };
		7C3EDCAE274DF56900840C4D /* ContentView.swift in Sources */ = {isa = PBXBuildFile; fileRef = 7C3EDCAD274DF56900840C4D /* ContentView.swift */; };
		7C3EDCB0274DF56B00840C4D /* Assets.xcassets in Resources */ = {isa = PBXBuildFile; fileRef = 7C3EDCAF274DF56B00840C4D /* Assets.xcassets */; };
		7C3EDCB3274DF56B00840C4D /* Preview Assets.xcassets in Resources */ = {isa = PBXBuildFile; fileRef = 7C3EDCB2274DF56B00840C4D /* Preview Assets.xcassets */; };
		7C3EDCC2274E25B500840C4D /* LoginView.swift in Sources */ = {isa = PBXBuildFile; fileRef = 7C3EDCC1274E25B500840C4D /* LoginView.swift */; };
		7C3EDCCC274E4C7800840C4D /* HomeView.swift in Sources */ = {isa = PBXBuildFile; fileRef = 7C3EDCCB274E4C7800840C4D /* HomeView.swift */; };
		7CC39EC127538ACA00DD3E1D /* DeclarationView.swift in Sources */ = {isa = PBXBuildFile; fileRef = 7CC39EC027538ACA00DD3E1D /* DeclarationView.swift */; };
		7CC39EC82754446A00DD3E1D /* DeclarationHistoryView.swift in Sources */ = {isa = PBXBuildFile; fileRef = 7CC39EC72754446A00DD3E1D /* DeclarationHistoryView.swift */; };
/* End PBXBuildFile section */

/* Begin PBXFileReference section */
		7C3EDCA8274DF56900840C4D /* KoyoCovid.app */ = {isa = PBXFileReference; explicitFileType = wrapper.application; includeInIndex = 0; path = KoyoCovid.app; sourceTree = BUILT_PRODUCTS_DIR; };
		7C3EDCAB274DF56900840C4D /* KoyoCovidApp.swift */ = {isa = PBXFileReference; lastKnownFileType = sourcecode.swift; path = KoyoCovidApp.swift; sourceTree = "<group>"; };
		7C3EDCAD274DF56900840C4D /* ContentView.swift */ = {isa = PBXFileReference; lastKnownFileType = sourcecode.swift; path = ContentView.swift; sourceTree = "<group>"; };
		7C3EDCAF274DF56B00840C4D /* Assets.xcassets */ = {isa = PBXFileReference; lastKnownFileType = folder.assetcatalog; path = Assets.xcassets; sourceTree = "<group>"; };
		7C3EDCB2274DF56B00840C4D /* Preview Assets.xcassets */ = {isa = PBXFileReference; lastKnownFileType = folder.assetcatalog; path = "Preview Assets.xcassets"; sourceTree = "<group>"; };
		7C3EDCB4274DF56B00840C4D /* Info.plist */ = {isa = PBXFileReference; lastKnownFileType = text.plist.xml; path = Info.plist; sourceTree = "<group>"; };
		7C3EDCC1274E25B500840C4D /* LoginView.swift */ = {isa = PBXFileReference; lastKnownFileType = sourcecode.swift; path = LoginView.swift; sourceTree = "<group>"; };
		7C3EDCCB274E4C7800840C4D /* HomeView.swift */ = {isa = PBXFileReference; lastKnownFileType = sourcecode.swift; path = HomeView.swift; sourceTree = "<group>"; };
		7CC39EC027538ACA00DD3E1D /* DeclarationView.swift */ = {isa = PBXFileReference; lastKnownFileType = sourcecode.swift; path = DeclarationView.swift; sourceTree = "<group>"; };
		7CC39EC72754446A00DD3E1D /* DeclarationHistoryView.swift */ = {isa = PBXFileReference; lastKnownFileType = sourcecode.swift; path = DeclarationHistoryView.swift; sourceTree = "<group>"; };
/* End PBXFileReference section */

/* Begin PBXFrameworksBuildPhase section */
		7C3EDCA5274DF56900840C4D /* Frameworks */ = {
			isa = PBXFrameworksBuildPhase;
			buildActionMask = 2147483647;
			files = (
			);
			runOnlyForDeploymentPostprocessing = 0;
		};
/* End PBXFrameworksBuildPhase section */

/* Begin PBXGroup section */
		7C3EDC9F274DF56900840C4D = {
			isa = PBXGroup;
			children = (
				7C3EDCAA274DF56900840C4D /* KoyoCovid */,
				7C3EDCA9274DF56900840C4D /* Products */,
			);
			sourceTree = "<group>";
		};
		7C3EDCA9274DF56900840C4D /* Products */ = {
			isa = PBXGroup;
			children = (
				7C3EDCA8274DF56900840C4D /* KoyoCovid.app */,
			);
			name = Products;
			sourceTree = "<group>";
		};
		7C3EDCAA274DF56900840C4D /* KoyoCovid */ = {
			isa = PBXGroup;
			children = (
				7C3EDCAB274DF56900840C4D /* KoyoCovidApp.swift */,
				7C3EDCAD274DF56900840C4D /* ContentView.swift */,
				7C3EDCCB274E4C7800840C4D /* HomeView.swift */,
				7CC39EC027538ACA00DD3E1D /* DeclarationView.swift */,
				7CC39EC72754446A00DD3E1D /* DeclarationHistoryView.swift */,
				7C3EDCC1274E25B500840C4D /* LoginView.swift */,
				7C3EDCAF274DF56B00840C4D /* Assets.xcassets */,
				7C3EDCB4274DF56B00840C4D /* Info.plist */,
				7C3EDCB1274DF56B00840C4D /* Preview Content */,
			);
			path = KoyoCovid;
			sourceTree = "<group>";
		};
		7C3EDCB1274DF56B00840C4D /* Preview Content */ = {
			isa = PBXGroup;
			children = (
				7C3EDCB2274DF56B00840C4D /* Preview Assets.xcassets */,
			);
			path = "Preview Content";
			sourceTree = "<group>";
		};
/* End PBXGroup section */

/* Begin PBXNativeTarget section */
		7C3EDCA7274DF56900840C4D /* KoyoCovid */ = {
			isa = PBXNativeTarget;
			buildConfigurationList = 7C3EDCB7274DF56B00840C4D /* Build configuration list for PBXNativeTarget "KoyoCovid" */;
			buildPhases = (
				7C3EDCA4274DF56900840C4D /* Sources */,
				7C3EDCA5274DF56900840C4D /* Frameworks */,
				7C3EDCA6274DF56900840C4D /* Resources */,
			);
			buildRules = (
			);
			dependencies = (
			);
			name = KoyoCovid;
			productName = KoyoCovid;
			productReference = 7C3EDCA8274DF56900840C4D /* KoyoCovid.app */;
			productType = "com.apple.product-type.application";
		};
/* End PBXNativeTarget section */

/* Begin PBXProject section */
		7C3EDCA0274DF56900840C4D /* Project object */ = {
			isa = PBXProject;
			attributes = {
				LastSwiftUpdateCheck = 1240;
				LastUpgradeCheck = 1240;
				TargetAttributes = {
					7C3EDCA7274DF56900840C4D = {
						CreatedOnToolsVersion = 12.4;
					};
				};
			};
			buildConfigurationList = 7C3EDCA3274DF56900840C4D /* Build configuration list for PBXProject "KoyoCovid" */;
			compatibilityVersion = "Xcode 9.3";
			developmentRegion = en;
			hasScannedForEncodings = 0;
			knownRegions = (
				en,
				Base,
			);
			mainGroup = 7C3EDC9F274DF56900840C4D;
			productRefGroup = 7C3EDCA9274DF56900840C4D /* Products */;
			projectDirPath = "";
			projectRoot = "";
			targets = (
				7C3EDCA7274DF56900840C4D /* KoyoCovid */,
			);
		};
/* End PBXProject section */

/* Begin PBXResourcesBuildPhase section */
		7C3EDCA6274DF56900840C4D /* Resources */ = {
			isa = PBXResourcesBuildPhase;
			buildActionMask = 2147483647;
			files = (
				7C3EDCB3274DF56B00840C4D /* Preview Assets.xcassets in Resources */,
				7C3EDCB0274DF56B00840C4D /* Assets.xcassets in Resources */,
			);
			runOnlyForDeploymentPostprocessing = 0;
		};
/* End PBXResourcesBuildPhase section */

/* Begin PBXSourcesBuildPhase section */
		7C3EDCA4274DF56900840C4D /* Sources */ = {
			isa = PBXSourcesBuildPhase;
			buildActionMask = 2147483647;
			files = (
				7CC39EC82754446A00DD3E1D /* DeclarationHistoryView.swift in Sources */,
				7C3EDCC2274E25B500840C4D /* LoginView.swift in Sources */,
				7CC39EC127538ACA00DD3E1D /* DeclarationView.swift in Sources */,
				7C3EDCCC274E4C7800840C4D /* HomeView.swift in Sources */,
				7C3EDCAE274DF56900840C4D /* ContentView.swift in Sources */,
				7C3EDCAC274DF56900840C4D /* KoyoCovidApp.swift in Sources */,
			);
			runOnlyForDeploymentPostprocessing = 0;
		};
/* End PBXSourcesBuildPhase section */

/* Begin XCBuildConfiguration section */
		7C3EDCB5274DF56B00840C4D /* Debug */ = {
			isa = XCBuildConfiguration;
			buildSettings = {
				ALWAYS_SEARCH_USER_PATHS = NO;
				CLANG_ANALYZER_NONNULL = YES;
				CLANG_ANALYZER_NUMBER_OBJECT_CONVERSION = YES_AGGRESSIVE;
				CLANG_CXX_LANGUAGE_STANDARD = "gnu++14";
				CLANG_CXX_LIBRARY = "libc++";
				CLANG_ENABLE_MODULES = YES;
				CLANG_ENABLE_OBJC_ARC = YES;
				CLANG_ENABLE_OBJC_WEAK = YES;
				CLANG_WARN_BLOCK_CAPTURE_AUTORELEASING = YES;
				CLANG_WARN_BOOL_CONVERSION = YES;
				CLANG_WARN_COMMA = YES;
				CLANG_WARN_CONSTANT_CONVERSION = YES;
				CLANG_WARN_DEPRECATED_OBJC_IMPLEMENTATIONS = YES;
				CLANG_WARN_DIRECT_OBJC_ISA_USAGE = YES_ERROR;
				CLANG_WARN_DOCUMENTATION_COMMENTS = YES;
				CLANG_WARN_EMPTY_BODY = YES;
				CLANG_WARN_ENUM_CONVERSION = YES;
				CLANG_WARN_INFINITE_RECURSION = YES;
				CLANG_WARN_INT_CONVERSION = YES;
				CLANG_WARN_NON_LITERAL_NULL_CONVERSION = YES;
				CLANG_WARN_OBJC_IMPLICIT_RETAIN_SELF = YES;
				CLANG_WARN_OBJC_LITERAL_CONVERSION = YES;
				CLANG_WARN_OBJC_ROOT_CLASS = YES_ERROR;
				CLANG_WARN_QUOTED_INCLUDE_IN_FRAMEWORK_HEADER = YES;
				CLANG_WARN_RANGE_LOOP_ANALYSIS = YES;
				CLANG_WARN_STRICT_PROTOTYPES = YES;
				CLANG_WARN_SUSPICIOUS_MOVE = YES;
				CLANG_WARN_UNGUARDED_AVAILABILITY = YES_AGGRESSIVE;
				CLANG_WARN_UNREACHABLE_CODE = YES;
				CLANG_WARN__DUPLICATE_METHOD_MATCH = YES;
				COPY_PHASE_STRIP = NO;
				DEBUG_INFORMATION_FORMAT = dwarf;
				ENABLE_STRICT_OBJC_MSGSEND = YES;
				ENABLE_TESTABILITY = YES;
				GCC_C_LANGUAGE_STANDARD = gnu11;
				GCC_DYNAMIC_NO_PIC = NO;
				GCC_NO_COMMON_BLOCKS = YES;
				GCC_OPTIMIZATION_LEVEL = 0;
				GCC_PREPROCESSOR_DEFINITIONS = (
					"DEBUG=1",
					"$(inherited)",
				);
				GCC_WARN_64_TO_32_BIT_CONVERSION = YES;
				GCC_WARN_ABOUT_RETURN_TYPE = YES_ERROR;
				GCC_WARN_UNDECLARED_SELECTOR = YES;
				GCC_WARN_UNINITIALIZED_AUTOS = YES_AGGRESSIVE;
				GCC_WARN_UNUSED_FUNCTION = YES;
				GCC_WARN_UNUSED_VARIABLE = YES;
				IPHONEOS_DEPLOYMENT_TARGET = 14.4;
				MTL_ENABLE_DEBUG_INFO = INCLUDE_SOURCE;
				MTL_FAST_MATH = YES;
				ONLY_ACTIVE_ARCH = YES;
				SDKROOT = iphoneos;
				SWIFT_ACTIVE_COMPILATION_CONDITIONS = DEBUG;
				SWIFT_OPTIMIZATION_LEVEL = "-Onone";
			};
			name = Debug;
		};
		7C3EDCB6274DF56B00840C4D /* Release */ = {
			isa = XCBuildConfiguration;
			buildSettings = {
				ALWAYS_SEARCH_USER_PATHS = NO;
				CLANG_ANALYZER_NONNULL = YES;
				CLANG_ANALYZER_NUMBER_OBJECT_CONVERSION = YES_AGGRESSIVE;
				CLANG_CXX_LANGUAGE_STANDARD = "gnu++14";
				CLANG_CXX_LIBRARY = "libc++";
				CLANG_ENABLE_MODULES = YES;
				CLANG_ENABLE_OBJC_ARC = YES;
				CLANG_ENABLE_OBJC_WEAK = YES;
				CLANG_WARN_BLOCK_CAPTURE_AUTORELEASING = YES;
				CLANG_WARN_BOOL_CONVERSION = YES;
				CLANG_WARN_COMMA = YES;
				CLANG_WARN_CONSTANT_CONVERSION = YES;
				CLANG_WARN_DEPRECATED_OBJC_IMPLEMENTATIONS = YES;
				CLANG_WARN_DIRECT_OBJC_ISA_USAGE = YES_ERROR;
				CLANG_WARN_DOCUMENTATION_COMMENTS = YES;
				CLANG_WARN_EMPTY_BODY = YES;
				CLANG_WARN_ENUM_CONVERSION = YES;
				CLANG_WARN_INFINITE_RECURSION = YES;
				CLANG_WARN_INT_CONVERSION = YES;
				CLANG_WARN_NON_LITERAL_NULL_CONVERSION = YES;
				CLANG_WARN_OBJC_IMPLICIT_RETAIN_SELF = YES;
				CLANG_WARN_OBJC_LITERAL_CONVERSION = YES;
				CLANG_WARN_OBJC_ROOT_CLASS = YES_ERROR;
				CLANG_WARN_QUOTED_INCLUDE_IN_FRAMEWORK_HEADER = YES;
				CLANG_WARN_RANGE_LOOP_ANALYSIS = YES;
				CLANG_WARN_STRICT_PROTOTYPES = YES;
				CLANG_WARN_SUSPICIOUS_MOVE = YES;
				CLANG_WARN_UNGUARDED_AVAILABILITY = YES_AGGRESSIVE;
				CLANG_WARN_UNREACHABLE_CODE = YES;
				CLANG_WARN__DUPLICATE_METHOD_MATCH = YES;
				COPY_PHASE_STRIP = NO;
				DEBUG_INFORMATION_FORMAT = "dwarf-with-dsym";
				ENABLE_NS_ASSERTIONS = NO;
				ENABLE_STRICT_OBJC_MSGSEND = YES;
				GCC_C_LANGUAGE_STANDARD = gnu11;
				GCC_NO_COMMON_BLOCKS = YES;
				GCC_WARN_64_TO_32_BIT_CONVERSION = YES;
				GCC_WARN_ABOUT_RETURN_TYPE = YES_ERROR;
				GCC_WARN_UNDECLARED_SELECTOR = YES;
				GCC_WARN_UNINITIALIZED_AUTOS = YES_AGGRESSIVE;
				GCC_WARN_UNUSED_FUNCTION = YES;
				GCC_WARN_UNUSED_VARIABLE = YES;
				IPHONEOS_DEPLOYMENT_TARGET = 14.4;
				MTL_ENABLE_DEBUG_INFO = NO;
				MTL_FAST_MATH = YES;
				SDKROOT = iphoneos;
				SWIFT_COMPILATION_MODE = wholemodule;
				SWIFT_OPTIMIZATION_LEVEL = "-O";
				VALIDATE_PRODUCT = YES;
			};
			name = Release;
		};
		7C3EDCB8274DF56B00840C4D /* Debug */ = {
			isa = XCBuildConfiguration;
			buildSettings = {
				ASSETCATALOG_COMPILER_APPICON_NAME = AppIcon;
				ASSETCATALOG_COMPILER_GLOBAL_ACCENT_COLOR_NAME = AccentColor;
				CODE_SIGN_STYLE = Automatic;
				DEVELOPMENT_ASSET_PATHS = "\"KoyoCovid/Preview Content\"";
				DEVELOPMENT_TEAM = 3FV57L25GL;
				ENABLE_PREVIEWS = YES;
				INFOPLIST_FILE = KoyoCovid/Info.plist;
				IPHONEOS_DEPLOYMENT_TARGET = 14.0;
				LD_RUNPATH_SEARCH_PATHS = (
					"$(inherited)",
					"@executable_path/Frameworks",
				);
				PRODUCT_BUNDLE_IDENTIFIER = koyomi.KoyoCovid;
				PRODUCT_NAME = "$(TARGET_NAME)";
				SWIFT_VERSION = 5.0;
				TARGETED_DEVICE_FAMILY = "1,2";
			};
			name = Debug;
		};
		7C3EDCB9274DF56B00840C4D /* Release */ = {
			isa = XCBuildConfiguration;
			buildSettings = {
				ASSETCATALOG_COMPILER_APPICON_NAME = AppIcon;
				ASSETCATALOG_COMPILER_GLOBAL_ACCENT_COLOR_NAME = AccentColor;
				CODE_SIGN_STYLE = Automatic;
				DEVELOPMENT_ASSET_PATHS = "\"KoyoCovid/Preview Content\"";
				DEVELOPMENT_TEAM = 3FV57L25GL;
				ENABLE_PREVIEWS = YES;
				INFOPLIST_FILE = KoyoCovid/Info.plist;
				IPHONEOS_DEPLOYMENT_TARGET = 14.0;
				LD_RUNPATH_SEARCH_PATHS = (
					"$(inherited)",
					"@executable_path/Frameworks",
				);
				PRODUCT_BUNDLE_IDENTIFIER = koyomi.KoyoCovid;
				PRODUCT_NAME = "$(TARGET_NAME)";
				SWIFT_VERSION = 5.0;
				TARGETED_DEVICE_FAMILY = "1,2";
			};
			name = Release;
		};
/* End XCBuildConfiguration section */

/* Begin XCConfigurationList section */
		7C3EDCA3274DF56900840C4D /* Build configuration list for PBXProject "KoyoCovid" */ = {
			isa = XCConfigurationList;
			buildConfigurations = (
				7C3EDCB5274DF56B00840C4D /* Debug */,
				7C3EDCB6274DF56B00840C4D /* Release */,
			);
			defaultConfigurationIsVisible = 0;
			defaultConfigurationName = Release;
		};
		7C3EDCB7274DF56B00840C4D /* Build configuration list for PBXNativeTarget "KoyoCovid" */ = {
			isa = XCConfigurationList;
			buildConfigurations = (
				7C3EDCB8274DF56B00840C4D /* Debug */,
				7C3EDCB9274DF56B00840C4D /* Release */,
			);
			defaultConfigurationIsVisible = 0;
			defaultConfigurationName = Release;
		};
/* End XCConfigurationList section */
	};
	rootObject = 7C3EDCA0274DF56900840C4D /* Project object */;
}
